{
  "lockfile-version": 1,
  "manifest": {
    "version": 1,
    "install": {
      "nodejs": {
        "pkg-path": "nodejs"
      },
      "yarn": {
        "pkg-path": "yarn"
      }
    },
    "hook": {
      "on-activate": "  # Autogenerated by Flox\n\n  # Install nodejs dependencies\n  npm install\n\n  # End autogenerated by Flox\n"
    },
    "profile": {},
    "options": {
      "systems": [
        "aarch64-darwin",
        "aarch64-linux",
        "x86_64-darwin",
        "x86_64-linux"
      ]
    }
  },
  "packages": [
    {
      "attr_path": "nodejs",
      "broken": false,
      "derivation": "/nix/store/n9kdarp0af3q6dnkp299gyf2sdmcc46w-nodejs-22.14.0.drv",
      "description": "Event-driven I/O framework for the V8 JavaScript engine",
      "install_id": "nodejs",
      "license": "MIT",
      "locked_url": "https://github.com/flox/nixpkgs?rev=d3d2d80a2191a73d1e86456a751b83aa13085d7d",
      "name": "nodejs-22.14.0",
      "pname": "nodejs",
      "rev": "d3d2d80a2191a73d1e86456a751b83aa13085d7d",
      "rev_count": 811203,
      "rev_date": "2025-06-05T17:19:09Z",
      "scrape_date": "2025-06-07T04:27:41.798675Z",
      "stabilities": [
        "unstable"
      ],
      "unfree": false,
      "version": "22.14.0",
      "outputs_to_install": [
        "out"
      ],
      "outputs": {
        "dev": "/nix/store/96vpirdcns8zxdwzwl7n804012lwrf1n-nodejs-22.14.0-dev",
        "libv8": "/nix/store/xph2837xqjnra80mqlk64xp7vb3kkqxs-nodejs-22.14.0-libv8",
        "out": "/nix/store/g5bv4gi6p7ryhs2hbaryxs6ivsxa6lqc-nodejs-22.14.0"
      },
      "system": "aarch64-darwin",
      "group": "toplevel",
      "priority": 5
    },
    {
      "attr_path": "nodejs",
      "broken": false,
      "derivation": "/nix/store/xfgm244jwbgxzikk3aggiy443gmbh8y4-nodejs-22.14.0.drv",
      "description": "Event-driven I/O framework for the V8 JavaScript engine",
      "install_id": "nodejs",
      "license": "MIT",
      "locked_url": "https://github.com/flox/nixpkgs?rev=d3d2d80a2191a73d1e86456a751b83aa13085d7d",
      "name": "nodejs-22.14.0",
      "pname": "nodejs",
      "rev": "d3d2d80a2191a73d1e86456a751b83aa13085d7d",
      "rev_count": 811203,
      "rev_date": "2025-06-05T17:19:09Z",
      "scrape_date": "2025-06-07T04:49:05.692233Z",
      "stabilities": [
        "unstable"
      ],
      "unfree": false,
      "version": "22.14.0",
      "outputs_to_install": [
        "out"
      ],
      "outputs": {
        "dev": "/nix/store/0w5mql46am2qai707a42q983l44l1h9z-nodejs-22.14.0-dev",
        "libv8": "/nix/store/vy56lahz381ayvw3hym3wj4r4ggv7gbk-nodejs-22.14.0-libv8",
        "out": "/nix/store/cwb781xbp70f72njqh8vhvbsf1xq87i5-nodejs-22.14.0"
      },
      "system": "aarch64-linux",
      "group": "toplevel",
      "priority": 5
    },
    {
      "attr_path": "nodejs",
      "broken": false,
      "derivation": "/nix/store/91y7rv83m93dpdpxa1fpvraisvjdq3yw-nodejs-22.14.0.drv",
      "description": "Event-driven I/O framework for the V8 JavaScript engine",
      "install_id": "nodejs",
      "license": "MIT",
      "locked_url": "https://github.com/flox/nixpkgs?rev=d3d2d80a2191a73d1e86456a751b83aa13085d7d",
      "name": "nodejs-22.14.0",
      "pname": "nodejs",
      "rev": "d3d2d80a2191a73d1e86456a751b83aa13085d7d",
      "rev_count": 811203,
      "rev_date": "2025-06-05T17:19:09Z",
      "scrape_date": "2025-06-07T05:08:58.982301Z",
      "stabilities": [
        "unstable"
      ],
      "unfree": false,
      "version": "22.14.0",
      "outputs_to_install": [
        "out"
      ],
      "outputs": {
        "dev": "/nix/store/24n01nfvy908pwzwpgsl0k4227187i7i-nodejs-22.14.0-dev",
        "libv8": "/nix/store/jiwk0in1wk85crn9vp03gg937gbh1s0w-nodejs-22.14.0-libv8",
        "out": "/nix/store/086zjv14ipka2vbpgwil3xyvi5ml4vh3-nodejs-22.14.0"
      },
      "system": "x86_64-darwin",
      "group": "toplevel",
      "priority": 5
    },
    {
      "attr_path": "nodejs",
      "broken": false,
      "derivation": "/nix/store/5h7mrwrpw1fwsm1w2scr3w9rvdfm7bsw-nodejs-22.14.0.drv",
      "description": "Event-driven I/O framework for the V8 JavaScript engine",
      "install_id": "nodejs",
      "license": "MIT",
      "locked_url": "https://github.com/flox/nixpkgs?rev=d3d2d80a2191a73d1e86456a751b83aa13085d7d",
      "name": "nodejs-22.14.0",
      "pname": "nodejs",
      "rev": "d3d2d80a2191a73d1e86456a751b83aa13085d7d",
      "rev_count": 811203,
      "rev_date": "2025-06-05T17:19:09Z",
      "scrape_date": "2025-06-07T05:32:07.737614Z",
      "stabilities": [
        "unstable"
      ],
      "unfree": false,
      "version": "22.14.0",
      "outputs_to_install": [
        "out"
      ],
      "outputs": {
        "dev": "/nix/store/xw8c1c0inxq3xl1d7axz19vq8c05kjk5-nodejs-22.14.0-dev",
        "libv8": "/nix/store/s8gnrgh9hgnbkrc1wrn21d6zvkbvm9vi-nodejs-22.14.0-libv8",
        "out": "/nix/store/c8jxsih8yy2rnncdmx2hyraizf689nvp-nodejs-22.14.0"
      },
      "system": "x86_64-linux",
      "group": "toplevel",
      "priority": 5
    },
    {
      "attr_path": "yarn",
      "broken": false,
      "derivation": "/nix/store/b80x1bjdk8c8l0qp5lgcyng2rbl8zx7a-yarn-1.22.22.drv",
      "description": "Fast, reliable, and secure dependency management for javascript",
      "install_id": "yarn",
      "license": "BSD-2-Clause",
      "locked_url": "https://github.com/flox/nixpkgs?rev=d3d2d80a2191a73d1e86456a751b83aa13085d7d",
      "name": "yarn-1.22.22",
      "pname": "yarn",
      "rev": "d3d2d80a2191a73d1e86456a751b83aa13085d7d",
      "rev_count": 811203,
      "rev_date": "2025-06-05T17:19:09Z",
      "scrape_date": "2025-06-07T04:28:44.218945Z",
      "stabilities": [
        "unstable"
      ],
      "unfree": false,
      "version": "1.22.22",
      "outputs_to_install": [
        "out"
      ],
      "outputs": {
        "out": "/nix/store/050b1pznrwkhlvxf7asfa2ml9xkgc0wa-yarn-1.22.22"
      },
      "system": "aarch64-darwin",
      "group": "toplevel",
      "priority": 5
    },
    {
      "attr_path": "yarn",
      "broken": false,
      "derivation": "/nix/store/1flavp4mqx1qi022dl48maf1zqmdhpqm-yarn-1.22.22.drv",
      "description": "Fast, reliable, and secure dependency management for javascript",
      "install_id": "yarn",
      "license": "BSD-2-Clause",
      "locked_url": "https://github.com/flox/nixpkgs?rev=d3d2d80a2191a73d1e86456a751b83aa13085d7d",
      "name": "yarn-1.22.22",
      "pname": "yarn",
      "rev": "d3d2d80a2191a73d1e86456a751b83aa13085d7d",
      "rev_count": 811203,
      "rev_date": "2025-06-05T17:19:09Z",
      "scrape_date": "2025-06-07T04:50:38.244376Z",
      "stabilities": [
        "unstable"
      ],
      "unfree": false,
      "version": "1.22.22",
      "outputs_to_install": [
        "out"
      ],
      "outputs": {
        "out": "/nix/store/nw04zkwgqv31x1zvd9nf0bh18bdrdg7r-yarn-1.22.22"
      },
      "system": "aarch64-linux",
      "group": "toplevel",
      "priority": 5
    },
    {
      "attr_path": "yarn",
      "broken": false,
      "derivation": "/nix/store/zhkl814cxfcnsharcx6dacb5b4cwfgxy-yarn-1.22.22.drv",
      "description": "Fast, reliable, and secure dependency management for javascript",
      "install_id": "yarn",
      "license": "BSD-2-Clause",
      "locked_url": "https://github.com/flox/nixpkgs?rev=d3d2d80a2191a73d1e86456a751b83aa13085d7d",
      "name": "yarn-1.22.22",
      "pname": "yarn",
      "rev": "d3d2d80a2191a73d1e86456a751b83aa13085d7d",
      "rev_count": 811203,
      "rev_date": "2025-06-05T17:19:09Z",
      "scrape_date": "2025-06-07T05:10:01.574860Z",
      "stabilities": [
        "unstable"
      ],
      "unfree": false,
      "version": "1.22.22",
      "outputs_to_install": [
        "out"
      ],
      "outputs": {
        "out": "/nix/store/jq2dl60lbf9363cb4xnhyjj56gf4ivxl-yarn-1.22.22"
      },
      "system": "x86_64-darwin",
      "group": "toplevel",
      "priority": 5
    },
    {
      "attr_path": "yarn",
      "broken": false,
      "derivation": "/nix/store/zvdxnji5gwidr6na3j0kp6099sv25jk4-yarn-1.22.22.drv",
      "description": "Fast, reliable, and secure dependency management for javascript",
      "install_id": "yarn",
      "license": "BSD-2-Clause",
      "locked_url": "https://github.com/flox/nixpkgs?rev=d3d2d80a2191a73d1e86456a751b83aa13085d7d",
      "name": "yarn-1.22.22",
      "pname": "yarn",
      "rev": "d3d2d80a2191a73d1e86456a751b83aa13085d7d",
      "rev_count": 811203,
      "rev_date": "2025-06-05T17:19:09Z",
      "scrape_date": "2025-06-07T05:33:44.585306Z",
      "stabilities": [
        "unstable"
      ],
      "unfree": false,
      "version": "1.22.22",
      "outputs_to_install": [
        "out"
      ],
      "outputs": {
        "out": "/nix/store/zxbyfmaw4rm6bsvw6mlsnv76c4k3906a-yarn-1.22.22"
      },
      "system": "x86_64-linux",
      "group": "toplevel",
      "priority": 5
    }
  ]
}